
Microsoft Visual Studio Solution File, Format Version 12.00
# Visual Studio Version 17
VisualStudioVersion = 17.7.34031.279
MinimumVisualStudioVersion = 10.0.40219.1
Project("{2150E333-8FDC-42A3-9474-1A3956D46DE8}") = "Core", "Core", "{7656B966-6B45-4E55-8E57-CE62C9DF7CEE}"
EndProject
Project("{2150E333-8FDC-42A3-9474-1A3956D46DE8}") = "Infrastructure", "Infrastructure", "{80045030-DBFA-43F2-BEE3-7AC54B9A6FDF}"
EndProject
Project("{2150E333-8FDC-42A3-9474-1A3956D46DE8}") = "Presentation", "Presentation", "{7358749B-5FAF-4EDA-8110-2504004C8AE7}"
EndProject
Project("{9A19103F-16F7-4668-BE54-9A1E7A4F7556}") = "DynamicFormBuilder.Domain", "Core\DynamicFormBuilder.Domain\DynamicFormBuilder.Domain.csproj", "{F2A49CE3-9D31-4FE4-AADD-9387283986C9}"
EndProject
Project("{9A19103F-16F7-4668-BE54-9A1E7A4F7556}") = "DynamicFormBuilder.Application", "Core\DynamicFormBuilder.Application\DynamicFormBuilder.Application.csproj", "{ED993DAE-4D90-4AD0-9AB1-C9B3A23BAB04}"
EndProject
Project("{9A19103F-16F7-4668-BE54-9A1E7A4F7556}") = "DynamicFormBuilder.Application.Abstraction", "Core\DynamicFormBuilder.Application.Abstraction\DynamicFormBuilder.Application.Abstraction.csproj", "{3EF33923-E1DF-4E67-8953-563F34DA4160}"
EndProject
Project("{9A19103F-16F7-4668-BE54-9A1E7A4F7556}") = "DynamicFormBuilder.Persistence", "Infrastructure\DynamicFormBuilder.Persistence\DynamicFormBuilder.Persistence.csproj", "{C5A5E1DA-1208-4AA2-B088-FDAAE9D1A4DC}"
EndProject
Project("{9A19103F-16F7-4668-BE54-9A1E7A4F7556}") = "DynamicFormBuilder.Application.DTO", "Core\DynamicFormBuilder.Application.DTO\DynamicFormBuilder.Application.DTO.csproj", "{EE373A52-FF44-417F-8BB2-4DF04F2849D7}"
EndProject
Project("{9A19103F-16F7-4668-BE54-9A1E7A4F7556}") = "DynamicFormBuilder.Component", "Presentation\DynamicFormBuilder.Component\DynamicFormBuilder.Component.csproj", "{DE226095-40E2-418D-A1E4-D20A15FB9F33}"
EndProject
Project("{9A19103F-16F7-4668-BE54-9A1E7A4F7556}") = "DynamicFormBuilder.Client", "Presentation\DynamicFormBuilder.Client\DynamicFormBuilder.Client.csproj", "{30C44007-8601-425C-B7AD-9C44F963F105}"
EndProject
Project("{9A19103F-16F7-4668-BE54-9A1E7A4F7556}") = "DynamicFormBuilder.Server", "Presentation\DynamicFormBuilder.Server\DynamicFormBuilder.Server.csproj", "{E8FE474C-6684-4896-8E1C-A9E5D30E9767}"
EndProject
Project("{FAE04EC0-301F-11D3-BF4B-00C04F79EFBC}") = "DynamicFormBuilder.Domain.Base", "Core\DynamicFormBuilder.Domain.Base\DynamicFormBuilder.Domain.Base.csproj", "{4CCD0CCE-1771-4B03-956D-19513FE19E13}"
EndProject
Global
	GlobalSection(SolutionConfigurationPlatforms) = preSolution
		Debug|Any CPU = Debug|Any CPU
		Release|Any CPU = Release|Any CPU
	EndGlobalSection
	GlobalSection(ProjectConfigurationPlatforms) = postSolution
		{F2A49CE3-9D31-4FE4-AADD-9387283986C9}.Debug|Any CPU.ActiveCfg = Debug|Any CPU
		{F2A49CE3-9D31-4FE4-AADD-9387283986C9}.Debug|Any CPU.Build.0 = Debug|Any CPU
		{F2A49CE3-9D31-4FE4-AADD-9387283986C9}.Release|Any CPU.ActiveCfg = Release|Any CPU
		{F2A49CE3-9D31-4FE4-AADD-9387283986C9}.Release|Any CPU.Build.0 = Release|Any CPU
		{ED993DAE-4D90-4AD0-9AB1-C9B3A23BAB04}.Debug|Any CPU.ActiveCfg = Debug|Any CPU
		{ED993DAE-4D90-4AD0-9AB1-C9B3A23BAB04}.Debug|Any CPU.Build.0 = Debug|Any CPU
		{ED993DAE-4D90-4AD0-9AB1-C9B3A23BAB04}.Release|Any CPU.ActiveCfg = Release|Any CPU
		{ED993DAE-4D90-4AD0-9AB1-C9B3A23BAB04}.Release|Any CPU.Build.0 = Release|Any CPU
		{3EF33923-E1DF-4E67-8953-563F34DA4160}.Debug|Any CPU.ActiveCfg = Debug|Any CPU
		{3EF33923-E1DF-4E67-8953-563F34DA4160}.Debug|Any CPU.Build.0 = Debug|Any CPU
		{3EF33923-E1DF-4E67-8953-563F34DA4160}.Release|Any CPU.ActiveCfg = Release|Any CPU
		{3EF33923-E1DF-4E67-8953-563F34DA4160}.Release|Any CPU.Build.0 = Release|Any CPU
		{C5A5E1DA-1208-4AA2-B088-FDAAE9D1A4DC}.Debug|Any CPU.ActiveCfg = Debug|Any CPU
		{C5A5E1DA-1208-4AA2-B088-FDAAE9D1A4DC}.Debug|Any CPU.Build.0 = Debug|Any CPU
		{C5A5E1DA-1208-4AA2-B088-FDAAE9D1A4DC}.Release|Any CPU.ActiveCfg = Release|Any CPU
		{C5A5E1DA-1208-4AA2-B088-FDAAE9D1A4DC}.Release|Any CPU.Build.0 = Release|Any CPU
		{EE373A52-FF44-417F-8BB2-4DF04F2849D7}.Debug|Any CPU.ActiveCfg = Debug|Any CPU
		{EE373A52-FF44-417F-8BB2-4DF04F2849D7}.Debug|Any CPU.Build.0 = Debug|Any CPU
		{EE373A52-FF44-417F-8BB2-4DF04F2849D7}.Release|Any CPU.ActiveCfg = Release|Any CPU
		{EE373A52-FF44-417F-8BB2-4DF04F2849D7}.Release|Any CPU.Build.0 = Release|Any CPU
		{DE226095-40E2-418D-A1E4-D20A15FB9F33}.Debug|Any CPU.ActiveCfg = Debug|Any CPU
		{DE226095-40E2-418D-A1E4-D20A15FB9F33}.Debug|Any CPU.Build.0 = Debug|Any CPU
		{DE226095-40E2-418D-A1E4-D20A15FB9F33}.Release|Any CPU.ActiveCfg = Release|Any CPU
		{DE226095-40E2-418D-A1E4-D20A15FB9F33}.Release|Any CPU.Build.0 = Release|Any CPU
		{30C44007-8601-425C-B7AD-9C44F963F105}.Debug|Any CPU.ActiveCfg = Debug|Any CPU
		{30C44007-8601-425C-B7AD-9C44F963F105}.Debug|Any CPU.Build.0 = Debug|Any CPU
		{30C44007-8601-425C-B7AD-9C44F963F105}.Release|Any CPU.ActiveCfg = Release|Any CPU
		{30C44007-8601-425C-B7AD-9C44F963F105}.Release|Any CPU.Build.0 = Release|Any CPU
		{E8FE474C-6684-4896-8E1C-A9E5D30E9767}.Debug|Any CPU.ActiveCfg = Debug|Any CPU
		{E8FE474C-6684-4896-8E1C-A9E5D30E9767}.Debug|Any CPU.Build.0 = Debug|Any CPU
		{E8FE474C-6684-4896-8E1C-A9E5D30E9767}.Release|Any CPU.ActiveCfg = Release|Any CPU
		{E8FE474C-6684-4896-8E1C-A9E5D30E9767}.Release|Any CPU.Build.0 = Release|Any CPU
		{4CCD0CCE-1771-4B03-956D-19513FE19E13}.Debug|Any CPU.ActiveCfg = Debug|Any CPU
		{4CCD0CCE-1771-4B03-956D-19513FE19E13}.Debug|Any CPU.Build.0 = Debug|Any CPU
		{4CCD0CCE-1771-4B03-956D-19513FE19E13}.Release|Any CPU.ActiveCfg = Release|Any CPU
		{4CCD0CCE-1771-4B03-956D-19513FE19E13}.Release|Any CPU.Build.0 = Release|Any CPU
	EndGlobalSection
	GlobalSection(SolutionProperties) = preSolution
		HideSolutionNode = FALSE
	EndGlobalSection
	GlobalSection(NestedProjects) = preSolution
		{F2A49CE3-9D31-4FE4-AADD-9387283986C9} = {7656B966-6B45-4E55-8E57-CE62C9DF7CEE}
		{ED993DAE-4D90-4AD0-9AB1-C9B3A23BAB04} = {7656B966-6B45-4E55-8E57-CE62C9DF7CEE}
		{3EF33923-E1DF-4E67-8953-563F34DA4160} = {7656B966-6B45-4E55-8E57-CE62C9DF7CEE}
		{C5A5E1DA-1208-4AA2-B088-FDAAE9D1A4DC} = {80045030-DBFA-43F2-BEE3-7AC54B9A6FDF}
		{EE373A52-FF44-417F-8BB2-4DF04F2849D7} = {7656B966-6B45-4E55-8E57-CE62C9DF7CEE}
		{DE226095-40E2-418D-A1E4-D20A15FB9F33} = {7358749B-5FAF-4EDA-8110-2504004C8AE7}
		{30C44007-8601-425C-B7AD-9C44F963F105} = {7358749B-5FAF-4EDA-8110-2504004C8AE7}
		{E8FE474C-6684-4896-8E1C-A9E5D30E9767} = {7358749B-5FAF-4EDA-8110-2504004C8AE7}
		{4CCD0CCE-1771-4B03-956D-19513FE19E13} = {7656B966-6B45-4E55-8E57-CE62C9DF7CEE}
	EndGlobalSection
	GlobalSection(ExtensibilityGlobals) = postSolution
		SolutionGuid = {43002EA9-FD62-4E1F-A24C-CFF57CB0EB53}
	EndGlobalSection
EndGlobal
